
Microsoft Visual Studio Solution File, Format Version 12.00
# Visual Studio Version 17
VisualStudioVersion = 17.7.34031.279
MinimumVisualStudioVersion = 10.0.40219.1
Project("{FAE04EC0-301F-11D3-BF4B-00C04F79EFBC}") = "ConsoleApp15", "ConsoleApp15\ConsoleApp15.csproj", "{93588F2B-7DD7-4A3C-84F0-A47572491074}"
EndProject
Global
	GlobalSection(SolutionConfigurationPlatforms) = preSolution
		Debug|Any CPU = Debug|Any CPU
		Release|Any CPU = Release|Any CPU
	EndGlobalSection
	GlobalSection(ProjectConfigurationPlatforms) = postSolution
		{93588F2B-7DD7-4A3C-84F0-A47572491074}.Debug|Any CPU.ActiveCfg = Debug|Any CPU
		{93588F2B-7DD7-4A3C-84F0-A47572491074}.Debug|Any CPU.Build.0 = Debug|Any CPU
		{93588F2B-7DD7-4A3C-84F0-A47572491074}.Release|Any CPU.ActiveCfg = Release|Any CPU
		{93588F2B-7DD7-4A3C-84F0-A47572491074}.Release|Any CPU.Build.0 = Release|Any CPU
	EndGlobalSection
	GlobalSection(SolutionProperties) = preSolution
		HideSolutionNode = FALSE
	EndGlobalSection
	GlobalSection(ExtensibilityGlobals) = postSolution
		SolutionGuid = {33FA85D2-30BE-45DA-9B98-543DC7F229A1}
	EndGlobalSection
EndGlobal
